
Microsoft Visual Studio Solution File, Format Version 12.00
# Visual Studio Version 16
VisualStudioVersion = 16.0.30907.101
MinimumVisualStudioVersion = 10.0.40219.1
Project("{9A19103F-16F7-4668-BE54-9A1E7A4F7556}") = "DojoDDD.Api", "src\DojoDDD.Api\DojoDDD.Api.csproj", "{DCDDFC2F-A55A-40B1-9E1F-86BD4F08CACD}"
EndProject
Project("{2150E333-8FDC-42A3-9474-1A3956D46DE8}") = "Solution Items", "Solution Items", "{39CF43C0-6791-43B4-8D78-4EB551AFB977}"
	ProjectSection(SolutionItems) = preProject
		.gitattributes = .gitattributes
		.gitignore = .gitignore
	EndProjectSection
EndProject
Project("{9A19103F-16F7-4668-BE54-9A1E7A4F7556}") = "DojoDDD.Domain", "src\DojoDDD.Domain\DojoDDD.Domain.csproj", "{1C82311D-23C0-406C-97F7-9AACFE977E16}"
EndProject
Project("{9A19103F-16F7-4668-BE54-9A1E7A4F7556}") = "DojoDDD.Infrastructure", "src\DojoDDD.Infrastructure\DojoDDD.Infrastructure.csproj", "{D8A24FB7-AF08-44A0-8AC5-DB2500F31E10}"
EndProject
Project("{FAE04EC0-301F-11D3-BF4B-00C04F79EFBC}") = "DojoDDD.UnitTests", "DojoDDD.UnitTests\DojoDDD.UnitTests.csproj", "{BD827D47-6994-4DBE-9FFB-6029C71212D6}"
EndProject
Global
	GlobalSection(SolutionConfigurationPlatforms) = preSolution
		Debug|Any CPU = Debug|Any CPU
		Release|Any CPU = Release|Any CPU
	EndGlobalSection
	GlobalSection(ProjectConfigurationPlatforms) = postSolution
		{DCDDFC2F-A55A-40B1-9E1F-86BD4F08CACD}.Debug|Any CPU.ActiveCfg = Debug|Any CPU
		{DCDDFC2F-A55A-40B1-9E1F-86BD4F08CACD}.Debug|Any CPU.Build.0 = Debug|Any CPU
		{DCDDFC2F-A55A-40B1-9E1F-86BD4F08CACD}.Release|Any CPU.ActiveCfg = Release|Any CPU
		{DCDDFC2F-A55A-40B1-9E1F-86BD4F08CACD}.Release|Any CPU.Build.0 = Release|Any CPU
		{1C82311D-23C0-406C-97F7-9AACFE977E16}.Debug|Any CPU.ActiveCfg = Debug|Any CPU
		{1C82311D-23C0-406C-97F7-9AACFE977E16}.Debug|Any CPU.Build.0 = Debug|Any CPU
		{1C82311D-23C0-406C-97F7-9AACFE977E16}.Release|Any CPU.ActiveCfg = Release|Any CPU
		{1C82311D-23C0-406C-97F7-9AACFE977E16}.Release|Any CPU.Build.0 = Release|Any CPU
		{D8A24FB7-AF08-44A0-8AC5-DB2500F31E10}.Debug|Any CPU.ActiveCfg = Debug|Any CPU
		{D8A24FB7-AF08-44A0-8AC5-DB2500F31E10}.Debug|Any CPU.Build.0 = Debug|Any CPU
		{D8A24FB7-AF08-44A0-8AC5-DB2500F31E10}.Release|Any CPU.ActiveCfg = Release|Any CPU
		{D8A24FB7-AF08-44A0-8AC5-DB2500F31E10}.Release|Any CPU.Build.0 = Release|Any CPU
		{BD827D47-6994-4DBE-9FFB-6029C71212D6}.Debug|Any CPU.ActiveCfg = Debug|Any CPU
		{BD827D47-6994-4DBE-9FFB-6029C71212D6}.Debug|Any CPU.Build.0 = Debug|Any CPU
		{BD827D47-6994-4DBE-9FFB-6029C71212D6}.Release|Any CPU.ActiveCfg = Release|Any CPU
		{BD827D47-6994-4DBE-9FFB-6029C71212D6}.Release|Any CPU.Build.0 = Release|Any CPU
	EndGlobalSection
	GlobalSection(SolutionProperties) = preSolution
		HideSolutionNode = FALSE
	EndGlobalSection
	GlobalSection(ExtensibilityGlobals) = postSolution
		SolutionGuid = {DB980C48-43EA-4E1B-90DD-096A92959D81}
	EndGlobalSection
EndGlobal
